
Microsoft Visual Studio Solution File, Format Version 12.00
# Visual Studio 15
VisualStudioVersion = 15.0.28307.271
MinimumVisualStudioVersion = 10.0.40219.1
Project("{FAE04EC0-301F-11D3-BF4B-00C04F79EFBC}") = "Milestone1HighFiPrototype", "Milestone1HighFiPrototype\Milestone1HighFiPrototype.csproj", "{C532EE1E-91B5-4243-B969-4AAB2FFD98BE}"
EndProject
Global
	GlobalSection(SolutionConfigurationPlatforms) = preSolution
		Debug|Any CPU = Debug|Any CPU
		Release|Any CPU = Release|Any CPU
	EndGlobalSection
	GlobalSection(ProjectConfigurationPlatforms) = postSolution
		{C532EE1E-91B5-4243-B969-4AAB2FFD98BE}.Debug|Any CPU.ActiveCfg = Debug|Any CPU
		{C532EE1E-91B5-4243-B969-4AAB2FFD98BE}.Debug|Any CPU.Build.0 = Debug|Any CPU
		{C532EE1E-91B5-4243-B969-4AAB2FFD98BE}.Release|Any CPU.ActiveCfg = Release|Any CPU
		{C532EE1E-91B5-4243-B969-4AAB2FFD98BE}.Release|Any CPU.Build.0 = Release|Any CPU
	EndGlobalSection
	GlobalSection(SolutionProperties) = preSolution
		HideSolutionNode = FALSE
	EndGlobalSection
	GlobalSection(ExtensibilityGlobals) = postSolution
		SolutionGuid = {D5E6900D-8CD8-4CF0-AE43-18CE111C1ADE}
	EndGlobalSection
EndGlobal
